
Microsoft Visual Studio Solution File, Format Version 12.00
# Visual Studio Version 17
VisualStudioVersion = 17.5.33516.290
MinimumVisualStudioVersion = 10.0.40219.1
Project("{FAE04EC0-301F-11D3-BF4B-00C04F79EFBC}") = "ProjetoIntegrador", "ProjetoLoja\ProjetoIntegrador\ProjetoIntegrador.csproj", "{5FFF93FE-4AB5-4EF5-BB62-8A200B601F20}"
EndProject
Global
	GlobalSection(SolutionConfigurationPlatforms) = preSolution
		Debug|Any CPU = Debug|Any CPU
		Release|Any CPU = Release|Any CPU
	EndGlobalSection
	GlobalSection(ProjectConfigurationPlatforms) = postSolution
		{5FFF93FE-4AB5-4EF5-BB62-8A200B601F20}.Debug|Any CPU.ActiveCfg = Debug|Any CPU
		{5FFF93FE-4AB5-4EF5-BB62-8A200B601F20}.Debug|Any CPU.Build.0 = Debug|Any CPU
		{5FFF93FE-4AB5-4EF5-BB62-8A200B601F20}.Release|Any CPU.ActiveCfg = Release|Any CPU
		{5FFF93FE-4AB5-4EF5-BB62-8A200B601F20}.Release|Any CPU.Build.0 = Release|Any CPU
	EndGlobalSection
	GlobalSection(SolutionProperties) = preSolution
		HideSolutionNode = FALSE
	EndGlobalSection
	GlobalSection(ExtensibilityGlobals) = postSolution
		SolutionGuid = {326FFA28-83CB-494C-9C15-57AB0D1CC22A}
	EndGlobalSection
EndGlobal
